dependencies:
- name: mimir-distributed
  repository: https://grafana.github.io/helm-charts
  version: 6.0.5
- name: cadvisor
  repository: https://ckotzbauer.github.io/helm-charts
  version: 2.4.1
digest: sha256:3b5ef749d85b13636050d908cd087a07e9b90c3989acbca61b69d749ce72340a
generated: "2025-12-22T10:03:19.139356191-05:00"
